
Microsoft Visual Studio Solution File, Format Version 12.00
# Visual Studio Version 16
VisualStudioVersion = 16.0.31205.134
MinimumVisualStudioVersion = 10.0.40219.1
Project("{FAE04EC0-301F-11D3-BF4B-00C04F79EFBC}") = "ConstructionBudget", "ConstructionBudget\ConstructionBudget.csproj", "{208A9292-4318-4E43-9ADD-47F4960D6473}"
EndProject
Global
	GlobalSection(SolutionConfigurationPlatforms) = preSolution
		Debug|Any CPU = Debug|Any CPU
		Release|Any CPU = Release|Any CPU
	EndGlobalSection
	GlobalSection(ProjectConfigurationPlatforms) = postSolution
		{208A9292-4318-4E43-9ADD-47F4960D6473}.Debug|Any CPU.ActiveCfg = Debug|Any CPU
		{208A9292-4318-4E43-9ADD-47F4960D6473}.Debug|Any CPU.Build.0 = Debug|Any CPU
		{208A9292-4318-4E43-9ADD-47F4960D6473}.Release|Any CPU.ActiveCfg = Release|Any CPU
		{208A9292-4318-4E43-9ADD-47F4960D6473}.Release|Any CPU.Build.0 = Release|Any CPU
	EndGlobalSection
	GlobalSection(SolutionProperties) = preSolution
		HideSolutionNode = FALSE
	EndGlobalSection
	GlobalSection(ExtensibilityGlobals) = postSolution
		SolutionGuid = {4FF5FB6D-4447-4CE1-B3FE-99A213126B0F}
	EndGlobalSection
EndGlobal
